
Microsoft Visual Studio Solution File, Format Version 12.00
# Visual Studio Version 16
VisualStudioVersion = 16.0.30523.141
MinimumVisualStudioVersion = 10.0.40219.1
Project("{FAE04EC0-301F-11D3-BF4B-00C04F79EFBC}") = "ZoNaN", "ZoNaN.csproj", "{6103DDB2-799F-4EEE-B376-AB2C76D448A1}"
EndProject
Global
	GlobalSection(SolutionConfigurationPlatforms) = preSolution
		Debug|Any CPU = Debug|Any CPU
		Release|Any CPU = Release|Any CPU
	EndGlobalSection
	GlobalSection(ProjectConfigurationPlatforms) = postSolution
		{6103DDB2-799F-4EEE-B376-AB2C76D448A1}.Debug|Any CPU.ActiveCfg = Debug|Any CPU
		{6103DDB2-799F-4EEE-B376-AB2C76D448A1}.Debug|Any CPU.Build.0 = Debug|Any CPU
		{6103DDB2-799F-4EEE-B376-AB2C76D448A1}.Release|Any CPU.ActiveCfg = Release|Any CPU
		{6103DDB2-799F-4EEE-B376-AB2C76D448A1}.Release|Any CPU.Build.0 = Release|Any CPU
	EndGlobalSection
	GlobalSection(SolutionProperties) = preSolution
		HideSolutionNode = FALSE
	EndGlobalSection
	GlobalSection(ExtensibilityGlobals) = postSolution
		SolutionGuid = {C7FBF7E6-DA50-40B4-96B5-E4C62823EF29}
	EndGlobalSection
EndGlobal
